
Microsoft Visual Studio Solution File, Format Version 12.00
# Visual Studio Version 17
VisualStudioVersion = 17.9.34902.65
MinimumVisualStudioVersion = 10.0.40219.1
Project("{FAE04EC0-301F-11D3-BF4B-00C04F79EFBC}") = "BestReg", "BestReg\BestReg.csproj", "{15B5F931-408B-4D2B-9B6B-ACD5ACA5388D}"
EndProject
Global
	GlobalSection(SolutionConfigurationPlatforms) = preSolution
		Debug|Any CPU = Debug|Any CPU
		Release|Any CPU = Release|Any CPU
	EndGlobalSection
	GlobalSection(ProjectConfigurationPlatforms) = postSolution
		{15B5F931-408B-4D2B-9B6B-ACD5ACA5388D}.Debug|Any CPU.ActiveCfg = Debug|Any CPU
		{15B5F931-408B-4D2B-9B6B-ACD5ACA5388D}.Debug|Any CPU.Build.0 = Debug|Any CPU
		{15B5F931-408B-4D2B-9B6B-ACD5ACA5388D}.Release|Any CPU.ActiveCfg = Release|Any CPU
		{15B5F931-408B-4D2B-9B6B-ACD5ACA5388D}.Release|Any CPU.Build.0 = Release|Any CPU
	EndGlobalSection
	GlobalSection(SolutionProperties) = preSolution
		HideSolutionNode = FALSE
	EndGlobalSection
	GlobalSection(ExtensibilityGlobals) = postSolution
		SolutionGuid = {1B8E11DF-9922-429E-BA7A-81A8A1C3A70F}
	EndGlobalSection
EndGlobal
